
Microsoft Visual Studio Solution File, Format Version 12.00
Project("{2150E333-8FDC-42A3-9474-1A3956D46DE8}") = "Cart", "Cart", "{475A87B3-76D4-460B-869E-FF2DFBAF6999}"
EndProject
Project("{2150E333-8FDC-42A3-9474-1A3956D46DE8}") = "Discounts", "Discounts", "{A43E184A-0C24-4FCB-9A05-3167174EB36A}"
EndProject
Project("{FAE04EC0-301F-11D3-BF4B-00C04F79EFBC}") = "Cart.Microservice", "Cart.Microservice\Cart.Microservice.csproj", "{2FCFF919-8B84-4279-9D1B-C4E5FC07597F}"
EndProject
Project("{2150E333-8FDC-42A3-9474-1A3956D46DE8}") = "Presentation", "Presentation", "{39953B19-9D1D-447F-B7C5-414E0B166B15}"
EndProject
Project("{2150E333-8FDC-42A3-9474-1A3956D46DE8}") = "Solution Items", "Solution Items", "{89147E0D-3E09-4F86-8D37-81C5184598D8}"
	ProjectSection(SolutionItems) = preProject
		docker-compose.yml = docker-compose.yml
	EndProjectSection
EndProject
Project("{FAE04EC0-301F-11D3-BF4B-00C04F79EFBC}") = "Discounts.Service", "Discounts.Service\Discounts.Service.csproj", "{F02F071A-C1E1-44C8-9115-3FC6CFB2B8E2}"
EndProject
Project("{FAE04EC0-301F-11D3-BF4B-00C04F79EFBC}") = "Discounts.Domain", "Discounts.Domain\Discounts.Domain.csproj", "{26E542BF-A80D-4D93-9E3E-5F40DFE32C8D}"
EndProject
Project("{FAE04EC0-301F-11D3-BF4B-00C04F79EFBC}") = "Cart.Domain", "Cart.Domain\Cart.Domain.csproj", "{21E3426C-F0DC-42A2-B025-F22F81F8D710}"
EndProject
Project("{FAE04EC0-301F-11D3-BF4B-00C04F79EFBC}") = "Web", "Web\Web.csproj", "{2189D970-67F6-4442-9850-9DF8591A5B3B}"
EndProject
Project("{2150E333-8FDC-42A3-9474-1A3956D46DE8}") = "Core", "Core", "{2F4D0BFA-D259-4170-BF18-3ED3F55C69D8}"
EndProject
Project("{FAE04EC0-301F-11D3-BF4B-00C04F79EFBC}") = "Sol.Caching", "Sol.Caching\Sol.Caching.csproj", "{4B00C7FC-DE63-4E46-8ABD-5EF7AF4461A7}"
EndProject
Project("{FAE04EC0-301F-11D3-BF4B-00C04F79EFBC}") = "Sol.Caching.Redis", "Sol.Caching.Redis\Sol.Caching.Redis.csproj", "{D12C73C3-3058-4F29-8570-9A7EE7F47955}"
EndProject
Project("{FAE04EC0-301F-11D3-BF4B-00C04F79EFBC}") = "Cart.Contracts", "Cart.Contracts\Cart.Contracts.csproj", "{01FABC68-79DE-4FA8-8DF0-350358742F2B}"
EndProject
Project("{FAE04EC0-301F-11D3-BF4B-00C04F79EFBC}") = "Sol.CommonContracts", "Sol.CommonContracts\Sol.CommonContracts.csproj", "{A79FB88F-3C77-4D31-9519-00F37C5B052E}"
EndProject
Project("{FAE04EC0-301F-11D3-BF4B-00C04F79EFBC}") = "Discounts.Contracts", "Discounts.Contracts\Discounts.Contracts.csproj", "{6EBA4040-D664-480E-9178-AE62DA14E0B9}"
EndProject
Global
	GlobalSection(SolutionConfigurationPlatforms) = preSolution
		Debug|Any CPU = Debug|Any CPU
		Release|Any CPU = Release|Any CPU
	EndGlobalSection
	GlobalSection(ProjectConfigurationPlatforms) = postSolution
		{2FCFF919-8B84-4279-9D1B-C4E5FC07597F}.Debug|Any CPU.ActiveCfg = Debug|Any CPU
		{2FCFF919-8B84-4279-9D1B-C4E5FC07597F}.Debug|Any CPU.Build.0 = Debug|Any CPU
		{2FCFF919-8B84-4279-9D1B-C4E5FC07597F}.Release|Any CPU.ActiveCfg = Release|Any CPU
		{2FCFF919-8B84-4279-9D1B-C4E5FC07597F}.Release|Any CPU.Build.0 = Release|Any CPU
		{F02F071A-C1E1-44C8-9115-3FC6CFB2B8E2}.Debug|Any CPU.ActiveCfg = Debug|Any CPU
		{F02F071A-C1E1-44C8-9115-3FC6CFB2B8E2}.Debug|Any CPU.Build.0 = Debug|Any CPU
		{F02F071A-C1E1-44C8-9115-3FC6CFB2B8E2}.Release|Any CPU.ActiveCfg = Release|Any CPU
		{F02F071A-C1E1-44C8-9115-3FC6CFB2B8E2}.Release|Any CPU.Build.0 = Release|Any CPU
		{26E542BF-A80D-4D93-9E3E-5F40DFE32C8D}.Debug|Any CPU.ActiveCfg = Debug|Any CPU
		{26E542BF-A80D-4D93-9E3E-5F40DFE32C8D}.Debug|Any CPU.Build.0 = Debug|Any CPU
		{26E542BF-A80D-4D93-9E3E-5F40DFE32C8D}.Release|Any CPU.ActiveCfg = Release|Any CPU
		{26E542BF-A80D-4D93-9E3E-5F40DFE32C8D}.Release|Any CPU.Build.0 = Release|Any CPU
		{21E3426C-F0DC-42A2-B025-F22F81F8D710}.Debug|Any CPU.ActiveCfg = Debug|Any CPU
		{21E3426C-F0DC-42A2-B025-F22F81F8D710}.Debug|Any CPU.Build.0 = Debug|Any CPU
		{21E3426C-F0DC-42A2-B025-F22F81F8D710}.Release|Any CPU.ActiveCfg = Release|Any CPU
		{21E3426C-F0DC-42A2-B025-F22F81F8D710}.Release|Any CPU.Build.0 = Release|Any CPU
		{2189D970-67F6-4442-9850-9DF8591A5B3B}.Debug|Any CPU.ActiveCfg = Debug|Any CPU
		{2189D970-67F6-4442-9850-9DF8591A5B3B}.Debug|Any CPU.Build.0 = Debug|Any CPU
		{2189D970-67F6-4442-9850-9DF8591A5B3B}.Release|Any CPU.ActiveCfg = Release|Any CPU
		{2189D970-67F6-4442-9850-9DF8591A5B3B}.Release|Any CPU.Build.0 = Release|Any CPU
		{4B00C7FC-DE63-4E46-8ABD-5EF7AF4461A7}.Debug|Any CPU.ActiveCfg = Debug|Any CPU
		{4B00C7FC-DE63-4E46-8ABD-5EF7AF4461A7}.Debug|Any CPU.Build.0 = Debug|Any CPU
		{4B00C7FC-DE63-4E46-8ABD-5EF7AF4461A7}.Release|Any CPU.ActiveCfg = Release|Any CPU
		{4B00C7FC-DE63-4E46-8ABD-5EF7AF4461A7}.Release|Any CPU.Build.0 = Release|Any CPU
		{D12C73C3-3058-4F29-8570-9A7EE7F47955}.Debug|Any CPU.ActiveCfg = Debug|Any CPU
		{D12C73C3-3058-4F29-8570-9A7EE7F47955}.Debug|Any CPU.Build.0 = Debug|Any CPU
		{D12C73C3-3058-4F29-8570-9A7EE7F47955}.Release|Any CPU.ActiveCfg = Release|Any CPU
		{D12C73C3-3058-4F29-8570-9A7EE7F47955}.Release|Any CPU.Build.0 = Release|Any CPU
		{01FABC68-79DE-4FA8-8DF0-350358742F2B}.Debug|Any CPU.ActiveCfg = Debug|Any CPU
		{01FABC68-79DE-4FA8-8DF0-350358742F2B}.Debug|Any CPU.Build.0 = Debug|Any CPU
		{01FABC68-79DE-4FA8-8DF0-350358742F2B}.Release|Any CPU.ActiveCfg = Release|Any CPU
		{01FABC68-79DE-4FA8-8DF0-350358742F2B}.Release|Any CPU.Build.0 = Release|Any CPU
		{A79FB88F-3C77-4D31-9519-00F37C5B052E}.Debug|Any CPU.ActiveCfg = Debug|Any CPU
		{A79FB88F-3C77-4D31-9519-00F37C5B052E}.Debug|Any CPU.Build.0 = Debug|Any CPU
		{A79FB88F-3C77-4D31-9519-00F37C5B052E}.Release|Any CPU.ActiveCfg = Release|Any CPU
		{A79FB88F-3C77-4D31-9519-00F37C5B052E}.Release|Any CPU.Build.0 = Release|Any CPU
		{6EBA4040-D664-480E-9178-AE62DA14E0B9}.Debug|Any CPU.ActiveCfg = Debug|Any CPU
		{6EBA4040-D664-480E-9178-AE62DA14E0B9}.Debug|Any CPU.Build.0 = Debug|Any CPU
		{6EBA4040-D664-480E-9178-AE62DA14E0B9}.Release|Any CPU.ActiveCfg = Release|Any CPU
		{6EBA4040-D664-480E-9178-AE62DA14E0B9}.Release|Any CPU.Build.0 = Release|Any CPU
	EndGlobalSection
	GlobalSection(NestedProjects) = preSolution
		{2FCFF919-8B84-4279-9D1B-C4E5FC07597F} = {475A87B3-76D4-460B-869E-FF2DFBAF6999}
		{F02F071A-C1E1-44C8-9115-3FC6CFB2B8E2} = {A43E184A-0C24-4FCB-9A05-3167174EB36A}
		{26E542BF-A80D-4D93-9E3E-5F40DFE32C8D} = {A43E184A-0C24-4FCB-9A05-3167174EB36A}
		{21E3426C-F0DC-42A2-B025-F22F81F8D710} = {475A87B3-76D4-460B-869E-FF2DFBAF6999}
		{2189D970-67F6-4442-9850-9DF8591A5B3B} = {39953B19-9D1D-447F-B7C5-414E0B166B15}
		{4B00C7FC-DE63-4E46-8ABD-5EF7AF4461A7} = {2F4D0BFA-D259-4170-BF18-3ED3F55C69D8}
		{D12C73C3-3058-4F29-8570-9A7EE7F47955} = {2F4D0BFA-D259-4170-BF18-3ED3F55C69D8}
		{01FABC68-79DE-4FA8-8DF0-350358742F2B} = {475A87B3-76D4-460B-869E-FF2DFBAF6999}
		{A79FB88F-3C77-4D31-9519-00F37C5B052E} = {2F4D0BFA-D259-4170-BF18-3ED3F55C69D8}
		{6EBA4040-D664-480E-9178-AE62DA14E0B9} = {A43E184A-0C24-4FCB-9A05-3167174EB36A}
	EndGlobalSection
EndGlobal
